
Microsoft Visual Studio Solution File, Format Version 12.00
# Visual Studio Version 16
VisualStudioVersion = 16.0.31729.503
MinimumVisualStudioVersion = 10.0.40219.1
Project("{FAE04EC0-301F-11D3-BF4B-00C04F79EFBC}") = "HFP.Web", "HFP.Web\HFP.Web.csproj", "{D00F3830-8EEA-4A5F-9BDD-A52A441032FF}"
EndProject
Global
	GlobalSection(SolutionConfigurationPlatforms) = preSolution
		Debug|Any CPU = Debug|Any CPU
		Release|Any CPU = Release|Any CPU
	EndGlobalSection
	GlobalSection(ProjectConfigurationPlatforms) = postSolution
		{D00F3830-8EEA-4A5F-9BDD-A52A441032FF}.Debug|Any CPU.ActiveCfg = Debug|Any CPU
		{D00F3830-8EEA-4A5F-9BDD-A52A441032FF}.Debug|Any CPU.Build.0 = Debug|Any CPU
		{D00F3830-8EEA-4A5F-9BDD-A52A441032FF}.Release|Any CPU.ActiveCfg = Release|Any CPU
		{D00F3830-8EEA-4A5F-9BDD-A52A441032FF}.Release|Any CPU.Build.0 = Release|Any CPU
	EndGlobalSection
	GlobalSection(SolutionProperties) = preSolution
		HideSolutionNode = FALSE
	EndGlobalSection
	GlobalSection(ExtensibilityGlobals) = postSolution
		SolutionGuid = {C987571D-E296-4F96-A1FE-5C55A7C34213}
	EndGlobalSection
EndGlobal
